
Microsoft Visual Studio Solution File, Format Version 12.00
# Visual Studio Version 17
VisualStudioVersion = 17.14.37628.2 d17.14
MinimumVisualStudioVersion = 10.0.40219.1
Project("{FAE04EC0-301F-11D3-BF4B-00C04F79EFBC}") = "ClubBackendAPI", "ClubBackendAPI\ClubBackendAPI.csproj", "{D2D72120-D213-47AF-BE1F-FEDE93611341}"
EndProject
Global
	GlobalSection(SolutionConfigurationPlatforms) = preSolution
		Debug|Any CPU = Debug|Any CPU
		Release|Any CPU = Release|Any CPU
	EndGlobalSection
	GlobalSection(ProjectConfigurationPlatforms) = postSolution
		{D2D72120-D213-47AF-BE1F-FEDE93611341}.Debug|Any CPU.ActiveCfg = Debug|Any CPU
		{D2D72120-D213-47AF-BE1F-FEDE93611341}.Debug|Any CPU.Build.0 = Debug|Any CPU
		{D2D72120-D213-47AF-BE1F-FEDE93611341}.Release|Any CPU.ActiveCfg = Release|Any CPU
		{D2D72120-D213-47AF-BE1F-FEDE93611341}.Release|Any CPU.Build.0 = Release|Any CPU
	EndGlobalSection
	GlobalSection(SolutionProperties) = preSolution
		HideSolutionNode = FALSE
	EndGlobalSection
	GlobalSection(ExtensibilityGlobals) = postSolution
		SolutionGuid = {8968B05D-D380-499C-B242-F49194CD606C}
	EndGlobalSection
EndGlobal
